{
  "requires": true,
  "lockfileVersion": 1,
  "dependencies": {
    "vconsole": {
      "version": "3.3.4",
      "resolved": "https://registry.npmjs.org/vconsole/-/vconsole-3.3.4.tgz",
      "integrity": "sha512-9yihsic96NPoMLQx/lCQwH9d89H0bbMW3LZPzo/t4yGQcS1X+vTCe9OHm1XSH7WNxzGDmcSwBiKLsFGwvJpQBg=="
    },
    "vue-aplayer": {
      "version": "1.6.1",
      "resolved": "https://registry.npmjs.org/vue-aplayer/-/vue-aplayer-1.6.1.tgz",
      "integrity": "sha512-c+ZAwZ63bVDsKkcHeKLAonIL2gY4nrVRdKypoPRXSkh+8B1cVhFT2tx8HSTNT6eX6WZyDtaYrEJfcgetrfvcdQ=="
    }
  }
}
